
Microsoft Visual Studio Solution File, Format Version 12.00
# Visual Studio 2013
VisualStudioVersion = 12.0.21005.1
MinimumVisualStudioVersion = 10.0.40219.1
Project("{FAE04EC0-301F-11D3-BF4B-00C04F79EFBC}") = "Bizagi.Services", "Bizagi.Services\Bizagi.Services.csproj", "{74ABEC2B-5D86-44F0-8FA0-4BD16954CC81}"
EndProject
Project("{FAE04EC0-301F-11D3-BF4B-00C04F79EFBC}") = "Bizagi.Services.Definition", "Bizagi.Services.Definition\Bizagi.Services.Definition.csproj", "{B2D57592-125B-4469-86E8-765676821A97}"
EndProject
Project("{FAE04EC0-301F-11D3-BF4B-00C04F79EFBC}") = "Bizagi.Domain", "Bizagi.Domain\Bizagi.Domain.csproj", "{DBF08045-103F-4E0C-BC9D-D05794A42D3D}"
EndProject
Project("{FAE04EC0-301F-11D3-BF4B-00C04F79EFBC}") = "Bizagi.Tests", "Bizagi.Tests\Bizagi.Tests.csproj", "{026DA514-30DC-4B0C-9D21-D8BA25CB1DB0}"
EndProject
Project("{FAE04EC0-301F-11D3-BF4B-00C04F79EFBC}") = "Bizagi.Util", "Bizagi.Util\Bizagi.Util.csproj", "{522F1C1D-5A89-4963-A1A4-DBAEC43FEC69}"
EndProject
Global
	GlobalSection(SolutionConfigurationPlatforms) = preSolution
		Debug|Any CPU = Debug|Any CPU
		Release|Any CPU = Release|Any CPU
	EndGlobalSection
	GlobalSection(ProjectConfigurationPlatforms) = postSolution
		{74ABEC2B-5D86-44F0-8FA0-4BD16954CC81}.Debug|Any CPU.ActiveCfg = Debug|Any CPU
		{74ABEC2B-5D86-44F0-8FA0-4BD16954CC81}.Debug|Any CPU.Build.0 = Debug|Any CPU
		{74ABEC2B-5D86-44F0-8FA0-4BD16954CC81}.Release|Any CPU.ActiveCfg = Release|Any CPU
		{74ABEC2B-5D86-44F0-8FA0-4BD16954CC81}.Release|Any CPU.Build.0 = Release|Any CPU
		{B2D57592-125B-4469-86E8-765676821A97}.Debug|Any CPU.ActiveCfg = Debug|Any CPU
		{B2D57592-125B-4469-86E8-765676821A97}.Debug|Any CPU.Build.0 = Debug|Any CPU
		{B2D57592-125B-4469-86E8-765676821A97}.Release|Any CPU.ActiveCfg = Release|Any CPU
		{B2D57592-125B-4469-86E8-765676821A97}.Release|Any CPU.Build.0 = Release|Any CPU
		{DBF08045-103F-4E0C-BC9D-D05794A42D3D}.Debug|Any CPU.ActiveCfg = Debug|Any CPU
		{DBF08045-103F-4E0C-BC9D-D05794A42D3D}.Debug|Any CPU.Build.0 = Debug|Any CPU
		{DBF08045-103F-4E0C-BC9D-D05794A42D3D}.Release|Any CPU.ActiveCfg = Release|Any CPU
		{DBF08045-103F-4E0C-BC9D-D05794A42D3D}.Release|Any CPU.Build.0 = Release|Any CPU
		{026DA514-30DC-4B0C-9D21-D8BA25CB1DB0}.Debug|Any CPU.ActiveCfg = Debug|Any CPU
		{026DA514-30DC-4B0C-9D21-D8BA25CB1DB0}.Debug|Any CPU.Build.0 = Debug|Any CPU
		{026DA514-30DC-4B0C-9D21-D8BA25CB1DB0}.Release|Any CPU.ActiveCfg = Release|Any CPU
		{026DA514-30DC-4B0C-9D21-D8BA25CB1DB0}.Release|Any CPU.Build.0 = Release|Any CPU
		{522F1C1D-5A89-4963-A1A4-DBAEC43FEC69}.Debug|Any CPU.ActiveCfg = Debug|Any CPU
		{522F1C1D-5A89-4963-A1A4-DBAEC43FEC69}.Debug|Any CPU.Build.0 = Debug|Any CPU
		{522F1C1D-5A89-4963-A1A4-DBAEC43FEC69}.Release|Any CPU.ActiveCfg = Release|Any CPU
		{522F1C1D-5A89-4963-A1A4-DBAEC43FEC69}.Release|Any CPU.Build.0 = Release|Any CPU
	EndGlobalSection
	GlobalSection(SolutionProperties) = preSolution
		HideSolutionNode = FALSE
	EndGlobalSection
EndGlobal
